
Microsoft Visual Studio Solution File, Format Version 12.00
# Visual Studio Version 16
VisualStudioVersion = 16.0.31402.337
MinimumVisualStudioVersion = 10.0.40219.1
Project("{FAE04EC0-301F-11D3-BF4B-00C04F79EFBC}") = "BankWPF", "BankWPF\BankWPF.csproj", "{3B58CFCC-4328-440E-913E-91849736A5D6}"
EndProject
Project("{FAE04EC0-301F-11D3-BF4B-00C04F79EFBC}") = "Bank", "Bank\Bank.csproj", "{A751E65E-B583-445E-A585-07484AF6F56C}"
EndProject
Project("{FAE04EC0-301F-11D3-BF4B-00C04F79EFBC}") = "BankTest", "BankTest\BankTest.csproj", "{5BAD3155-C091-4306-97F4-94A4676D89B4}"
EndProject
Global
	GlobalSection(SolutionConfigurationPlatforms) = preSolution
		Debug|Any CPU = Debug|Any CPU
		Release|Any CPU = Release|Any CPU
	EndGlobalSection
	GlobalSection(ProjectConfigurationPlatforms) = postSolution
		{3B58CFCC-4328-440E-913E-91849736A5D6}.Debug|Any CPU.ActiveCfg = Debug|Any CPU
		{3B58CFCC-4328-440E-913E-91849736A5D6}.Debug|Any CPU.Build.0 = Debug|Any CPU
		{3B58CFCC-4328-440E-913E-91849736A5D6}.Release|Any CPU.ActiveCfg = Release|Any CPU
		{3B58CFCC-4328-440E-913E-91849736A5D6}.Release|Any CPU.Build.0 = Release|Any CPU
		{A751E65E-B583-445E-A585-07484AF6F56C}.Debug|Any CPU.ActiveCfg = Debug|Any CPU
		{A751E65E-B583-445E-A585-07484AF6F56C}.Debug|Any CPU.Build.0 = Debug|Any CPU
		{A751E65E-B583-445E-A585-07484AF6F56C}.Release|Any CPU.ActiveCfg = Release|Any CPU
		{A751E65E-B583-445E-A585-07484AF6F56C}.Release|Any CPU.Build.0 = Release|Any CPU
		{5BAD3155-C091-4306-97F4-94A4676D89B4}.Debug|Any CPU.ActiveCfg = Debug|Any CPU
		{5BAD3155-C091-4306-97F4-94A4676D89B4}.Debug|Any CPU.Build.0 = Debug|Any CPU
		{5BAD3155-C091-4306-97F4-94A4676D89B4}.Release|Any CPU.ActiveCfg = Release|Any CPU
		{5BAD3155-C091-4306-97F4-94A4676D89B4}.Release|Any CPU.Build.0 = Release|Any CPU
	EndGlobalSection
	GlobalSection(SolutionProperties) = preSolution
		HideSolutionNode = FALSE
	EndGlobalSection
	GlobalSection(ExtensibilityGlobals) = postSolution
		SolutionGuid = {BFE84B30-D264-44E9-AEB6-9AC6EF708568}
	EndGlobalSection
EndGlobal
